
Microsoft Visual Studio Solution File, Format Version 12.00
# Visual Studio Express 2012 for Windows Desktop
Project("{FAE04EC0-301F-11D3-BF4B-00C04F79EFBC}") = "PictureViewer", "PictureViewer\PictureViewer.csproj", "{FA9E4CC3-61EC-47AA-A5D2-31441E1F9E9F}"
EndProject
Global
	GlobalSection(SolutionConfigurationPlatforms) = preSolution
		Debug|Any CPU = Debug|Any CPU
		Release|Any CPU = Release|Any CPU
	EndGlobalSection
	GlobalSection(ProjectConfigurationPlatforms) = postSolution
		{FA9E4CC3-61EC-47AA-A5D2-31441E1F9E9F}.Debug|Any CPU.ActiveCfg = Debug|Any CPU
		{FA9E4CC3-61EC-47AA-A5D2-31441E1F9E9F}.Debug|Any CPU.Build.0 = Debug|Any CPU
		{FA9E4CC3-61EC-47AA-A5D2-31441E1F9E9F}.Release|Any CPU.ActiveCfg = Release|Any CPU
		{FA9E4CC3-61EC-47AA-A5D2-31441E1F9E9F}.Release|Any CPU.Build.0 = Release|Any CPU
	EndGlobalSection
	GlobalSection(SolutionProperties) = preSolution
		HideSolutionNode = FALSE
	EndGlobalSection
EndGlobal
